<?xml version="1.0" encoding="utf-8"?>
<Project ToolsVersion="4.0" xmlns="http://schemas.microsoft.com/developer/msbuild/2003">
  <ItemGroup>
    <ClCompile Include="pch.cpp" />
    <ClCompile Include="src\Cocos2dRenderer.cpp">
      <Filter>src</Filter>
    </ClCompile>
    <ClCompile Include="src\Direct3DContentProvider.cpp">
      <Filter>src</Filter>
    </ClCompile>
    <ClCompile Include="src\Direct3DInterop.cpp">
      <Filter>src</Filter>
    </ClCompile>
    <ClCompile Include="src\DirectXBase.cpp">
      <Filter>src</Filter>
    </ClCompile>
    <ClCompile Include="src\EditBoxEvent.cpp">
      <Filter>src</Filter>
    </ClCompile>
    <ClCompile Include="..\..\Classes\AboutLayer.cpp">
      <Filter>Classes</Filter>
    </ClCompile>
    <ClCompile Include="..\..\Classes\Animator.cpp">
      <Filter>Classes</Filter>
    </ClCompile>
    <ClCompile Include="..\..\Classes\AppDelegate.cpp">
      <Filter>Classes</Filter>
    </ClCompile>
    <ClCompile Include="..\..\Classes\ChapterLayer.cpp">
      <Filter>Classes</Filter>
    </ClCompile>
    <ClCompile Include="..\..\Classes\ComponentObject.cpp">
      <Filter>Classes</Filter>
    </ClCompile>
    <ClCompile Include="..\..\Classes\DataController.cpp">
      <Filter>Classes</Filter>
    </ClCompile>
    <ClCompile Include="..\..\Classes\EffectComponent.cpp">
      <Filter>Classes</Filter>
    </ClCompile>
    <ClCompile Include="..\..\Classes\EffectItem.cpp">
      <Filter>Classes</Filter>
    </ClCompile>
    <ClCompile Include="..\..\Classes\Enemy.cpp">
      <Filter>Classes</Filter>
    </ClCompile>
    <ClCompile Include="..\..\Classes\EntityManager.cpp">
      <Filter>Classes</Filter>
    </ClCompile>
    <ClCompile Include="..\..\Classes\GameObject.cpp">
      <Filter>Classes</Filter>
    </ClCompile>
    <ClCompile Include="..\..\Classes\HubLayer.cpp">
      <Filter>Classes</Filter>
    </ClCompile>
    <ClCompile Include="..\..\Classes\Item.cpp">
      <Filter>Classes</Filter>
    </ClCompile>
    <ClCompile Include="..\..\Classes\LevelsLayer.cpp">
      <Filter>Classes</Filter>
    </ClCompile>
    <ClCompile Include="..\..\Classes\LoadingLayer.cpp">
      <Filter>Classes</Filter>
    </ClCompile>
    <ClCompile Include="..\..\Classes\MenuLayer.cpp">
      <Filter>Classes</Filter>
    </ClCompile>
    <ClCompile Include="..\..\Classes\Player.cpp">
      <Filter>Classes</Filter>
    </ClCompile>
    <ClCompile Include="..\..\Classes\PlayLayer.cpp">
      <Filter>Classes</Filter>
    </ClCompile>
    <ClCompile Include="..\..\Classes\ResultLayer.cpp">
      <Filter>Classes</Filter>
    </ClCompile>
    <ClCompile Include="..\..\Classes\SplashLayer.cpp">
      <Filter>Classes</Filter>
    </ClCompile>
    <ClCompile Include="..\..\Classes\Utils.cpp">
      <Filter>Classes</Filter>
    </ClCompile>
  </ItemGroup>
  <ItemGroup>
    <ClInclude Include="pch.h" />
    <ClInclude Include="src\Cocos2dRenderer.h">
      <Filter>src</Filter>
    </ClInclude>
    <ClInclude Include="src\Direct3DContentProvider.h">
      <Filter>src</Filter>
    </ClInclude>
    <ClInclude Include="src\Direct3DInterop.h">
      <Filter>src</Filter>
    </ClInclude>
    <ClInclude Include="src\DirectXBase.h">
      <Filter>src</Filter>
    </ClInclude>
    <ClInclude Include="src\DirectXHelper.h">
      <Filter>src</Filter>
    </ClInclude>
    <ClInclude Include="src\EditBoxEvent.h">
      <Filter>src</Filter>
    </ClInclude>
    <ClInclude Include="..\..\Classes\AboutLayer.h">
      <Filter>Classes</Filter>
    </ClInclude>
    <ClInclude Include="..\..\Classes\Animator.h">
      <Filter>Classes</Filter>
    </ClInclude>
    <ClInclude Include="..\..\Classes\AppDelegate.h">
      <Filter>Classes</Filter>
    </ClInclude>
    <ClInclude Include="..\..\Classes\ChapterLayer.h">
      <Filter>Classes</Filter>
    </ClInclude>
    <ClInclude Include="..\..\Classes\ComponentObject.h">
      <Filter>Classes</Filter>
    </ClInclude>
    <ClInclude Include="..\..\Classes\DataController.h">
      <Filter>Classes</Filter>
    </ClInclude>
    <ClInclude Include="..\..\Classes\EffectComponent.h">
      <Filter>Classes</Filter>
    </ClInclude>
    <ClInclude Include="..\..\Classes\EffectItem.h">
      <Filter>Classes</Filter>
    </ClInclude>
    <ClInclude Include="..\..\Classes\Enemy.h">
      <Filter>Classes</Filter>
    </ClInclude>
    <ClInclude Include="..\..\Classes\EntityManager.h">
      <Filter>Classes</Filter>
    </ClInclude>
    <ClInclude Include="..\..\Classes\GameObject.h">
      <Filter>Classes</Filter>
    </ClInclude>
    <ClInclude Include="..\..\Classes\HubLayer.h">
      <Filter>Classes</Filter>
    </ClInclude>
    <ClInclude Include="..\..\Classes\Item.h">
      <Filter>Classes</Filter>
    </ClInclude>
    <ClInclude Include="..\..\Classes\LevelsLayer.h">
      <Filter>Classes</Filter>
    </ClInclude>
    <ClInclude Include="..\..\Classes\LoadingLayer.h">
      <Filter>Classes</Filter>
    </ClInclude>
    <ClInclude Include="..\..\Classes\MenuLayer.h">
      <Filter>Classes</Filter>
    </ClInclude>
    <ClInclude Include="..\..\Classes\Player.h">
      <Filter>Classes</Filter>
    </ClInclude>
    <ClInclude Include="..\..\Classes\PlayLayer.h">
      <Filter>Classes</Filter>
    </ClInclude>
    <ClInclude Include="..\..\Classes\ResultLayer.h">
      <Filter>Classes</Filter>
    </ClInclude>
    <ClInclude Include="..\..\Classes\SplashLayer.h">
      <Filter>Classes</Filter>
    </ClInclude>
    <ClInclude Include="..\..\Classes\Utils.h">
      <Filter>Classes</Filter>
    </ClInclude>
  </ItemGroup>
  <ItemGroup>
    <Filter Include="Classes">
      <UniqueIdentifier>{facbd0ff-d271-46ef-8324-beff0cbcb424}</UniqueIdentifier>
    </Filter>
    <Filter Include="src">
      <UniqueIdentifier>{6fcff44b-bb9f-4ed9-8553-558855bc91e3}</UniqueIdentifier>
    </Filter>
  </ItemGroup>
  <ItemGroup>
    <None Include="..\..\cocos2d\external\wp8-specific\angle\prebuilt\Win32\libEGL_phone.dll" />
    <None Include="..\..\cocos2d\external\wp8-specific\angle\prebuilt\Win32\libGLESv2_phone.dll" />
    <None Include="..\..\cocos2d\external\wp8-specific\angle\prebuilt\ARM\libEGL_phone.dll" />
    <None Include="..\..\cocos2d\external\wp8-specific\angle\prebuilt\ARM\libGLESv2_phone.dll" />
    <None Include="..\..\cocos2d\external\curl\prebuilt\wp8\win32\libcurl.dll" />
    <None Include="..\..\cocos2d\external\curl\prebuilt\wp8\win32\libeay32.dll" />
    <None Include="..\..\cocos2d\external\curl\prebuilt\wp8\win32\ssleay32.dll" />
    <None Include="..\..\cocos2d\external\curl\prebuilt\wp8\arm\libcurl.dll" />
    <None Include="..\..\cocos2d\external\curl\prebuilt\wp8\arm\libeay32.dll" />
    <None Include="..\..\cocos2d\external\curl\prebuilt\wp8\arm\ssleay32.dll" />
    <None Include="..\..\cocos2d\external\websockets\prebuilt\wp8\win32\libwebsockets.dll" />
    <None Include="..\..\cocos2d\external\websockets\prebuilt\wp8\arm\libwebsockets.dll" />
  </ItemGroup>
</Project>